
Microsoft Visual Studio Solution File, Format Version 12.00
# Visual Studio Version 17
VisualStudioVersion = 17.0.31903.59
MinimumVisualStudioVersion = 10.0.40219.1
Project("{FAE04EC0-301F-11D3-BF4B-00C04F79EFBC}") = "TheraPath.TheraPathApi", "TheraPath.TheraPathApi.csproj", "{89CD0C10-3054-4A1C-95A4-D40AE5102D15}"
EndProject
Project("{FAE04EC0-301F-11D3-BF4B-00C04F79EFBC}") = "TheraPath.TheraPathApi.Test", "..\thera-path-api-test\TheraPath.TheraPathApi.Test.csproj", "{94A5B715-61F8-4BDD-9689-3E73FF489B73}"
EndProject
Global
	GlobalSection(SolutionConfigurationPlatforms) = preSolution
		Debug|Any CPU = Debug|Any CPU
		Release|Any CPU = Release|Any CPU
	EndGlobalSection
	GlobalSection(SolutionProperties) = preSolution
		HideSolutionNode = FALSE
	EndGlobalSection
	GlobalSection(ProjectConfigurationPlatforms) = postSolution
		{89CD0C10-3054-4A1C-95A4-D40AE5102D15}.Debug|Any CPU.ActiveCfg = Debug|Any CPU
		{89CD0C10-3054-4A1C-95A4-D40AE5102D15}.Debug|Any CPU.Build.0 = Debug|Any CPU
		{89CD0C10-3054-4A1C-95A4-D40AE5102D15}.Release|Any CPU.ActiveCfg = Release|Any CPU
		{89CD0C10-3054-4A1C-95A4-D40AE5102D15}.Release|Any CPU.Build.0 = Release|Any CPU
		{94A5B715-61F8-4BDD-9689-3E73FF489B73}.Debug|Any CPU.ActiveCfg = Debug|Any CPU
		{94A5B715-61F8-4BDD-9689-3E73FF489B73}.Debug|Any CPU.Build.0 = Debug|Any CPU
		{94A5B715-61F8-4BDD-9689-3E73FF489B73}.Release|Any CPU.ActiveCfg = Release|Any CPU
		{94A5B715-61F8-4BDD-9689-3E73FF489B73}.Release|Any CPU.Build.0 = Release|Any CPU
	EndGlobalSection
EndGlobal
